# This file is autogenerated, do not edit; changes may be undone by the next 'dep ensure'.


[[projects]]
  branch = "master"
  name = "github.com/cockroachdb/cockroach-go"
  packages = ["crdb"]
  revision = "c806b484b8611fc587b6abc07f8bb0f7824a78d6"

[[projects]]
  branch = "master"
  name = "github.com/codahale/hdrhistogram"
  packages = ["."]
  revision = "3a0bb77429bd3a61596f5e8a3172445844342120"

[[projects]]
  branch = "master"
  name = "github.com/gocql/gocql"
  packages = [".","internal/lru","internal/murmur","internal/streams"]
  revision = "b9337fa4c59ce1db20300290bd7a9a7063fb6784"

[[projects]]
  branch = "master"
  name = "github.com/golang/lint"
  packages = [".","golint"]
  revision = "c5fb716d6688a859aae56d26d3e6070808df29f7"

[[projects]]
  branch = "master"
  name = "github.com/golang/snappy"
  packages = ["."]
  revision = "553a641470496b2327abcac10b36396bd98e45c9"

[[projects]]
  branch = "master"
  name = "github.com/hailocab/go-hostpool"
  packages = ["."]
  revision = "e80d13ce29ede4452c43dea11e79b9bc8a15b478"

[[projects]]
  branch = "master"
  name = "github.com/kisielk/errcheck"
  packages = [".","internal/errcheck"]
  revision = "23699b7e2cbfdb89481023524954ba2aeff6be90"

[[projects]]
  branch = "master"
  name = "github.com/kisielk/gotool"
  packages = ["."]
  revision = "0de1eaf82fa3f583ce21fde859f1e7e0c5e9b220"

[[projects]]
  branch = "master"
  name = "github.com/lib/pq"
  packages = [".","oid"]
  revision = "e42267488fe361b9dc034be7a6bffef5b195bceb"

[[projects]]
  branch = "master"
  name = "github.com/pkg/errors"
  packages = ["."]
  revision = "c605e284fe17294bda444b34710735b29d1a9d90"

[[projects]]
  branch = "master"
  name = "github.com/tylertreat/hdrhistogram-writer"
  packages = ["."]
  revision = "d105e3c15daaac745539bdd3e4a1f743b8feda09"

[[projects]]
  branch = "master"
  name = "golang.org/x/net"
  packages = ["context"]
  revision = "1c05540f6879653db88113bc4a2b70aec4bd491f"

[[projects]]
  branch = "master"
  name = "golang.org/x/time"
  packages = ["rate"]
  revision = "8be79e1e0910c292df4e79c241bb7e8f7e725959"

[[projects]]
  branch = "master"
  name = "golang.org/x/tools"
  packages = ["cmd/goimports","go/ast/astutil","go/buildutil","go/gcexportdata","go/gcimporter15","go/loader","go/types/typeutil","imports"]
  revision = "84a35ef54dff3c5596983e180ec10919fc432242"

[[projects]]
  name = "gopkg.in/inf.v0"
  packages = ["."]
  revision = "3887ee99ecf07df5b447e9b00d9c0b2adaa9f3e4"
  version = "v0.9.0"

[[projects]]
  branch = "v2"
  name = "gopkg.in/mgo.v2"
  packages = [".","bson","internal/json","internal/sasl","internal/scram"]
  revision = "3f83fa5005286a7fe593b055f0d7771a7dce4655"

[solve-meta]
  analyzer-name = "dep"
  analyzer-version = 1
  inputs-digest = "d98a23b139a9a0bcd29838ee454c0e9313facbd56324440fdfdb16edc000e4f9"
  solver-name = "gps-cdcl"
  solver-version = 1
