# This file is autogenerated, do not edit; changes may be undone by the next 'dep ensure'.


[[projects]]
  branch = "master"
  name = "github.com/cockroachdb/cockroach-go"
  packages = ["crdb"]
  revision = "59c0560478b705bf9bd12f9252224a0fad7c87df"

[[projects]]
  branch = "master"
  name = "github.com/codahale/hdrhistogram"
  packages = ["."]
  revision = "3a0bb77429bd3a61596f5e8a3172445844342120"

[[projects]]
  branch = "master"
  name = "github.com/gocql/gocql"
  packages = [
    ".",
    "internal/lru",
    "internal/murmur",
    "internal/streams",
  ]
  revision = "c79450b345f160eccb363f55095de6fd5e41b3e7"

[[projects]]
  branch = "master"
  name = "github.com/golang/lint"
  packages = [
    ".",
    "golint",
  ]
  revision = "e14d9b0f1d332b1420c1ffa32562ad2dc84d645d"

[[projects]]
  branch = "master"
  name = "github.com/golang/snappy"
  packages = ["."]
  revision = "553a641470496b2327abcac10b36396bd98e45c9"

[[projects]]
  branch = "master"
  name = "github.com/hailocab/go-hostpool"
  packages = ["."]
  revision = "e80d13ce29ede4452c43dea11e79b9bc8a15b478"

[[projects]]
  branch = "master"
  name = "github.com/kisielk/errcheck"
  packages = [
    ".",
    "internal/errcheck",
  ]
  revision = "b1445a9dd8285a50c6d1661d16f0a9ceb08125f7"

[[projects]]
  branch = "master"
  name = "github.com/kisielk/gotool"
  packages = [
    ".",
    "internal/load",
  ]
  revision = "d6ce6262d87e3a4e153e86023ff56ae771554a41"

[[projects]]
  branch = "master"
  name = "github.com/lib/pq"
  packages = [
    ".",
    "oid",
  ]
  revision = "88edab0803230a3898347e77b474f8c1820a1f20"

[[projects]]
  branch = "master"
  name = "github.com/pkg/errors"
  packages = ["."]
  revision = "30136e27e2ac8d167177e8a583aa4c3fea5be833"

[[projects]]
  name = "github.com/satori/go.uuid"
  packages = ["."]
  revision = "f58768cc1a7a7e77a3bd49e98cdd21419399b6a3"
  version = "v1.2.0"

[[projects]]
  branch = "master"
  name = "github.com/tylertreat/hdrhistogram-writer"
  packages = ["."]
  revision = "d105e3c15daaac745539bdd3e4a1f743b8feda09"

[[projects]]
  branch = "master"
  name = "golang.org/x/net"
  packages = ["context"]
  revision = "dc948dff8834a7fe1ca525f8d04e261c2b56e70d"

[[projects]]
  branch = "master"
  name = "golang.org/x/time"
  packages = ["rate"]
  revision = "6dc17368e09b0e8634d71cac8168d853e869a0c7"

[[projects]]
  branch = "master"
  name = "golang.org/x/tools"
  packages = [
    "cmd/goimports",
    "go/ast/astutil",
    "go/buildutil",
    "go/gcexportdata",
    "go/gcimporter15",
    "go/loader",
    "go/types/typeutil",
    "imports",
  ]
  revision = "ce871d178848e3eea1e8795e5cfb74053dde4bb9"

[[projects]]
  name = "gopkg.in/inf.v0"
  packages = ["."]
  revision = "3887ee99ecf07df5b447e9b00d9c0b2adaa9f3e4"
  version = "v0.9.0"

[[projects]]
  branch = "v2"
  name = "gopkg.in/mgo.v2"
  packages = [
    ".",
    "bson",
    "internal/json",
    "internal/sasl",
    "internal/scram",
  ]
  revision = "3f83fa5005286a7fe593b055f0d7771a7dce4655"

[solve-meta]
  analyzer-name = "dep"
  analyzer-version = 1
  inputs-digest = "ab32958de83012df3a169d34cd05151193a4b2df1726140422e78c2d61173df5"
  solver-name = "gps-cdcl"
  solver-version = 1
